
Microsoft Visual Studio Solution File, Format Version 12.00
# Visual Studio Version 16
VisualStudioVersion = 16.0.29519.181
MinimumVisualStudioVersion = 10.0.40219.1
Project("{8BC9CEB8-8B4A-11D0-8D11-00A0C91BC942}") = "寒假任务——管理系统", "寒假任务——管理系统.vcxproj", "{A9170754-CCB9-4D9E-8E57-20E0BE153F4B}"
EndProject
Global
	GlobalSection(SolutionConfigurationPlatforms) = preSolution
		Debug|x64 = Debug|x64
		Debug|x86 = Debug|x86
		Release|x64 = Release|x64
		Release|x86 = Release|x86
	EndGlobalSection
	GlobalSection(ProjectConfigurationPlatforms) = postSolution
		{A9170754-CCB9-4D9E-8E57-20E0BE153F4B}.Debug|x64.ActiveCfg = Debug|x64
		{A9170754-CCB9-4D9E-8E57-20E0BE153F4B}.Debug|x64.Build.0 = Debug|x64
		{A9170754-CCB9-4D9E-8E57-20E0BE153F4B}.Debug|x86.ActiveCfg = Debug|Win32
		{A9170754-CCB9-4D9E-8E57-20E0BE153F4B}.Debug|x86.Build.0 = Debug|Win32
		{A9170754-CCB9-4D9E-8E57-20E0BE153F4B}.Release|x64.ActiveCfg = Release|x64
		{A9170754-CCB9-4D9E-8E57-20E0BE153F4B}.Release|x64.Build.0 = Release|x64
		{A9170754-CCB9-4D9E-8E57-20E0BE153F4B}.Release|x86.ActiveCfg = Release|Win32
		{A9170754-CCB9-4D9E-8E57-20E0BE153F4B}.Release|x86.Build.0 = Release|Win32
	EndGlobalSection
	GlobalSection(SolutionProperties) = preSolution
		HideSolutionNode = FALSE
	EndGlobalSection
	GlobalSection(ExtensibilityGlobals) = postSolution
		SolutionGuid = {A71BE74F-3F61-42B4-A1EB-886D4A54C476}
	EndGlobalSection
EndGlobal
